
Microsoft Visual Studio Solution File, Format Version 12.00
# Visual Studio 15
VisualStudioVersion = 15.0.28306.52
MinimumVisualStudioVersion = 10.0.40219.1
Project("{6EC3EE1D-3C4E-46DD-8F32-0CC8E7565705}") = "ShutTheBox", "ShutTheBox.fsproj", "{D34B7090-4B40-4772-A0AC-FB6FB40A243B}"
EndProject
Global
	GlobalSection(SolutionConfigurationPlatforms) = preSolution
		Debug|Any CPU = Debug|Any CPU
		Release|Any CPU = Release|Any CPU
	EndGlobalSection
	GlobalSection(ProjectConfigurationPlatforms) = postSolution
		{D34B7090-4B40-4772-A0AC-FB6FB40A243B}.Debug|Any CPU.ActiveCfg = Debug|Any CPU
		{D34B7090-4B40-4772-A0AC-FB6FB40A243B}.Debug|Any CPU.Build.0 = Debug|Any CPU
		{D34B7090-4B40-4772-A0AC-FB6FB40A243B}.Release|Any CPU.ActiveCfg = Release|Any CPU
		{D34B7090-4B40-4772-A0AC-FB6FB40A243B}.Release|Any CPU.Build.0 = Release|Any CPU
	EndGlobalSection
	GlobalSection(SolutionProperties) = preSolution
		HideSolutionNode = FALSE
	EndGlobalSection
	GlobalSection(ExtensibilityGlobals) = postSolution
		SolutionGuid = {03D919D1-4AB3-4B6D-BA5E-20FD4E71E3E4}
	EndGlobalSection
EndGlobal
